
Microsoft Visual Studio Solution File, Format Version 12.00
# Visual Studio Version 17
VisualStudioVersion = 17.7.34031.279
MinimumVisualStudioVersion = 10.0.40219.1
Project("{FAE04EC0-301F-11D3-BF4B-00C04F79EFBC}") = "Spiel", "Spiel\Spiel.csproj", "{2DAFB90F-192F-4B2D-AFD0-5F27877E5F21}"
EndProject
Global
	GlobalSection(SolutionConfigurationPlatforms) = preSolution
		Debug|Any CPU = Debug|Any CPU
		Release|Any CPU = Release|Any CPU
	EndGlobalSection
	GlobalSection(ProjectConfigurationPlatforms) = postSolution
		{2DAFB90F-192F-4B2D-AFD0-5F27877E5F21}.Debug|Any CPU.ActiveCfg = Debug|Any CPU
		{2DAFB90F-192F-4B2D-AFD0-5F27877E5F21}.Debug|Any CPU.Build.0 = Debug|Any CPU
		{2DAFB90F-192F-4B2D-AFD0-5F27877E5F21}.Release|Any CPU.ActiveCfg = Release|Any CPU
		{2DAFB90F-192F-4B2D-AFD0-5F27877E5F21}.Release|Any CPU.Build.0 = Release|Any CPU
	EndGlobalSection
	GlobalSection(SolutionProperties) = preSolution
		HideSolutionNode = FALSE
	EndGlobalSection
	GlobalSection(ExtensibilityGlobals) = postSolution
		SolutionGuid = {F794A29F-14C5-4771-99A1-BF078821CDC7}
	EndGlobalSection
EndGlobal
